
Microsoft Visual Studio Solution File, Format Version 12.00
# Visual Studio Version 16
VisualStudioVersion = 16.0.31105.61
MinimumVisualStudioVersion = 10.0.40219.1
Project("{FAE04EC0-301F-11D3-BF4B-00C04F79EFBC}") = "Week4_Lab4.1", "Week4_Lab4.1\Week4_Lab4.1.csproj", "{4052CD4E-CCFA-40ED-9AD1-7563FB1D703A}"
EndProject
Global
	GlobalSection(SolutionConfigurationPlatforms) = preSolution
		Debug|Any CPU = Debug|Any CPU
		Release|Any CPU = Release|Any CPU
	EndGlobalSection
	GlobalSection(ProjectConfigurationPlatforms) = postSolution
		{4052CD4E-CCFA-40ED-9AD1-7563FB1D703A}.Debug|Any CPU.ActiveCfg = Debug|Any CPU
		{4052CD4E-CCFA-40ED-9AD1-7563FB1D703A}.Debug|Any CPU.Build.0 = Debug|Any CPU
		{4052CD4E-CCFA-40ED-9AD1-7563FB1D703A}.Release|Any CPU.ActiveCfg = Release|Any CPU
		{4052CD4E-CCFA-40ED-9AD1-7563FB1D703A}.Release|Any CPU.Build.0 = Release|Any CPU
	EndGlobalSection
	GlobalSection(SolutionProperties) = preSolution
		HideSolutionNode = FALSE
	EndGlobalSection
	GlobalSection(ExtensibilityGlobals) = postSolution
		SolutionGuid = {6FB98DD5-DDE8-40F2-BF31-EF48B0A60CE7}
	EndGlobalSection
EndGlobal
